
Microsoft Visual Studio Solution File, Format Version 12.00
# Visual Studio Version 16
VisualStudioVersion = 16.0.30907.101
MinimumVisualStudioVersion = 10.0.40219.1
Project("{FAE04EC0-301F-11D3-BF4B-00C04F79EFBC}") = "JsonProcessingLabPractice", "JsonProcessingLabPractice\JsonProcessingLabPractice.csproj", "{DAA88761-EA97-4FB8-9DE9-8DA42177583F}"
EndProject
Global
	GlobalSection(SolutionConfigurationPlatforms) = preSolution
		Debug|Any CPU = Debug|Any CPU
		Release|Any CPU = Release|Any CPU
	EndGlobalSection
	GlobalSection(ProjectConfigurationPlatforms) = postSolution
		{DAA88761-EA97-4FB8-9DE9-8DA42177583F}.Debug|Any CPU.ActiveCfg = Debug|Any CPU
		{DAA88761-EA97-4FB8-9DE9-8DA42177583F}.Debug|Any CPU.Build.0 = Debug|Any CPU
		{DAA88761-EA97-4FB8-9DE9-8DA42177583F}.Release|Any CPU.ActiveCfg = Release|Any CPU
		{DAA88761-EA97-4FB8-9DE9-8DA42177583F}.Release|Any CPU.Build.0 = Release|Any CPU
	EndGlobalSection
	GlobalSection(SolutionProperties) = preSolution
		HideSolutionNode = FALSE
	EndGlobalSection
	GlobalSection(ExtensibilityGlobals) = postSolution
		SolutionGuid = {0ED18849-D862-4C88-8AC8-CC1EB7F04DCA}
	EndGlobalSection
EndGlobal
