
Microsoft Visual Studio Solution File, Format Version 12.00
# Visual Studio Version 16
VisualStudioVersion = 16.0.30907.101
MinimumVisualStudioVersion = 10.0.40219.1
Project("{FAE04EC0-301F-11D3-BF4B-00C04F79EFBC}") = "P01_HospitalDatabase", "P01_HospitalDatabase\P01_HospitalDatabase.csproj", "{C50D4F70-C390-4A18-9BC8-CFB6C8D388DC}"
EndProject
Project("{FAE04EC0-301F-11D3-BF4B-00C04F79EFBC}") = "P03_SalesDatabase", "P03_SalesDatabase\P03_SalesDatabase.csproj", "{A5DCAB5A-A203-45AF-AC31-2D8A40A716D1}"
EndProject
Global
	GlobalSection(SolutionConfigurationPlatforms) = preSolution
		Debug|Any CPU = Debug|Any CPU
		Release|Any CPU = Release|Any CPU
	EndGlobalSection
	GlobalSection(ProjectConfigurationPlatforms) = postSolution
		{C50D4F70-C390-4A18-9BC8-CFB6C8D388DC}.Debug|Any CPU.ActiveCfg = Debug|Any CPU
		{C50D4F70-C390-4A18-9BC8-CFB6C8D388DC}.Debug|Any CPU.Build.0 = Debug|Any CPU
		{C50D4F70-C390-4A18-9BC8-CFB6C8D388DC}.Release|Any CPU.ActiveCfg = Release|Any CPU
		{C50D4F70-C390-4A18-9BC8-CFB6C8D388DC}.Release|Any CPU.Build.0 = Release|Any CPU
		{A5DCAB5A-A203-45AF-AC31-2D8A40A716D1}.Debug|Any CPU.ActiveCfg = Debug|Any CPU
		{A5DCAB5A-A203-45AF-AC31-2D8A40A716D1}.Debug|Any CPU.Build.0 = Debug|Any CPU
		{A5DCAB5A-A203-45AF-AC31-2D8A40A716D1}.Release|Any CPU.ActiveCfg = Release|Any CPU
		{A5DCAB5A-A203-45AF-AC31-2D8A40A716D1}.Release|Any CPU.Build.0 = Release|Any CPU
	EndGlobalSection
	GlobalSection(SolutionProperties) = preSolution
		HideSolutionNode = FALSE
	EndGlobalSection
	GlobalSection(ExtensibilityGlobals) = postSolution
		SolutionGuid = {CCF20731-C33D-4F0D-92CA-4177542427D5}
	EndGlobalSection
EndGlobal
